
Microsoft Visual Studio Solution File, Format Version 12.00
# Visual Studio Version 17
VisualStudioVersion = 17.5.33627.172
MinimumVisualStudioVersion = 10.0.40219.1
Project("{FAE04EC0-301F-11D3-BF4B-00C04F79EFBC}") = "FormularPaygateAPI", "FormularPaygateAPI.csproj", "{249759CB-C302-49C5-B64E-1F9F222686BF}"
EndProject
Global
	GlobalSection(SolutionConfigurationPlatforms) = preSolution
		Debug|Any CPU = Debug|Any CPU
		Release|Any CPU = Release|Any CPU
	EndGlobalSection
	GlobalSection(ProjectConfigurationPlatforms) = postSolution
		{249759CB-C302-49C5-B64E-1F9F222686BF}.Debug|Any CPU.ActiveCfg = Debug|Any CPU
		{249759CB-C302-49C5-B64E-1F9F222686BF}.Debug|Any CPU.Build.0 = Debug|Any CPU
		{249759CB-C302-49C5-B64E-1F9F222686BF}.Release|Any CPU.ActiveCfg = Release|Any CPU
		{249759CB-C302-49C5-B64E-1F9F222686BF}.Release|Any CPU.Build.0 = Release|Any CPU
	EndGlobalSection
	GlobalSection(SolutionProperties) = preSolution
		HideSolutionNode = FALSE
	EndGlobalSection
	GlobalSection(ExtensibilityGlobals) = postSolution
		SolutionGuid = {FEEB4CA4-BD3F-46EC-8DE6-13915A2A3A21}
	EndGlobalSection
EndGlobal
